
Microsoft Visual Studio Solution File, Format Version 12.00
# Visual Studio Version 16
VisualStudioVersion = 16.0.29509.3
MinimumVisualStudioVersion = 10.0.40219.1
Project("{8BC9CEB8-8B4A-11D0-8D11-00A0C91BC942}") = "laba4", "laba4\laba4.vcxproj", "{181F4514-009A-4525-9B0F-98C7A75C9D92}"
EndProject
Global
	GlobalSection(SolutionConfigurationPlatforms) = preSolution
		Debug|x64 = Debug|x64
		Debug|x86 = Debug|x86
		Release|x64 = Release|x64
		Release|x86 = Release|x86
	EndGlobalSection
	GlobalSection(ProjectConfigurationPlatforms) = postSolution
		{181F4514-009A-4525-9B0F-98C7A75C9D92}.Debug|x64.ActiveCfg = Debug|x64
		{181F4514-009A-4525-9B0F-98C7A75C9D92}.Debug|x64.Build.0 = Debug|x64
		{181F4514-009A-4525-9B0F-98C7A75C9D92}.Debug|x86.ActiveCfg = Debug|Win32
		{181F4514-009A-4525-9B0F-98C7A75C9D92}.Debug|x86.Build.0 = Debug|Win32
		{181F4514-009A-4525-9B0F-98C7A75C9D92}.Release|x64.ActiveCfg = Release|x64
		{181F4514-009A-4525-9B0F-98C7A75C9D92}.Release|x64.Build.0 = Release|x64
		{181F4514-009A-4525-9B0F-98C7A75C9D92}.Release|x86.ActiveCfg = Release|Win32
		{181F4514-009A-4525-9B0F-98C7A75C9D92}.Release|x86.Build.0 = Release|Win32
	EndGlobalSection
	GlobalSection(SolutionProperties) = preSolution
		HideSolutionNode = FALSE
	EndGlobalSection
	GlobalSection(ExtensibilityGlobals) = postSolution
		SolutionGuid = {B37056AA-A086-41C4-BCA8-57A84CF850E4}
	EndGlobalSection
EndGlobal
